{
  "name": "frontend",
  "lockfileVersion": 3,
  "requires": true,
  "packages": {
    "": {
      "name": "frontend",
      "hasInstallScript": true,
      "dependencies": {
        "@pinia/nuxt": "^0.9.0",
        "@vueuse/core": "^12.8.2",
        "class-variance-authority": "^0.7.1",
        "clsx": "^2.1.1",
        "date-fns": "^4.1.0",
        "lucide-vue-next": "^0.469.0",
        "pinia": "^2.3.0",
        "pinia-plugin-persistedstate": "^3.2.3",
        "reka-ui": "^2.10.1",
        "tailwind-merge": "^3.0.0",
        "zod": "^3.24.0"
      },
      "devDependencies": {
        "@nuxtjs/google-fonts": "^3.2.0",
        "@tailwindcss/vite": "^4.3.2",
        "nuxt": "^3.15.0",
        "shadcn-nuxt": "^2.7.4",
        "tailwindcss": "^4.3.2",
        "typescript": "^5.7.2",
        "vue": "^3.5.13",
        "vue-router": "^4.5.0",
        "vue-tsc": "^2.2.0"
      }
    },
    "../node_modules/.pnpm/@nuxtjs+google-fonts@3.2.0_magicast@0.5.3/node_modules/@nuxtjs/google-fonts": {
      "version": "3.2.0",
      "dev": true,
      "license": "MIT",
      "dependencies": {
        "@nuxt/kit": "^3.10.3",
        "google-fonts-helper": "^3.5.0",
        "pathe": "^1.1.2"
      },
      "devDependencies": {
        "@nuxt/module-builder": "latest",
        "@nuxt/test-utils": "latest",
        "@nuxtjs/eslint-config-typescript": "latest",
        "@vitest/coverage-v8": "latest",
        "changelogen": "latest",
        "del": "latest",
        "eslint": "latest",
        "nuxt": "latest",
        "vitest": "latest"
      }
    },
    "../node_modules/.pnpm/@pinia+nuxt@0.9.0_magicast@0.5.3_pinia@2.3.1_typescript@5.9.3_vue@3.5.39_typescript@5.9.3__/node_modules/@pinia/nuxt": {
      "version": "0.9.0",
      "license": "MIT",
      "dependencies": {
        "@nuxt/kit": "^3.9.0"
      },
      "devDependencies": {
        "@nuxt/module-builder": "^0.8.4",
        "@nuxt/schema": "^3.9.0",
        "@nuxt/test-utils": "^3.14.4",
        "nuxt": "^3.14.1592",
        "pinia": "^2.3.0",
        "typescript": "^5.6.3",
        "vue-tsc": "^2.1.10"
      },
      "funding": {
        "url": "https://github.com/sponsors/posva"
      },
      "peerDependencies": {
        "pinia": "^2.3.0"
      }
    },
    "../node_modules/.pnpm/@tailwindcss+vite@4.3.2_vite@7.3.6_@types+node@20.19.43_jiti@2.7.0_lightningcss@1.32.0__0293f9c75059437592a69bee7f616c86/node_modules/@tailwindcss/vite": {
      "version": "4.3.2",
      "dev": true,
      "license": "MIT",
      "dependencies": {
        "@tailwindcss/node": "4.3.2",
        "@tailwindcss/oxide": "4.3.2",
        "tailwindcss": "4.3.2"
      },
      "devDependencies": {
        "@types/node": "22.19.19",
        "vite": "8.0.14"
      },
      "peerDependencies": {
        "vite": "^5.2.0 || ^6 || ^7 || ^8"
      }
    },
    "../node_modules/.pnpm/@vueuse+core@12.8.2_typescript@5.9.3/node_modules/@vueuse/core": {
      "version": "12.8.2",
      "license": "MIT",
      "dependencies": {
        "@types/web-bluetooth": "^0.0.21",
        "@vueuse/metadata": "12.8.2",
        "@vueuse/shared": "12.8.2",
        "vue": "^3.5.13"
      },
      "funding": {
        "url": "https://github.com/sponsors/antfu"
      }
    },
    "../node_modules/.pnpm/class-variance-authority@0.7.1/node_modules/class-variance-authority": {
      "version": "0.7.1",
      "license": "Apache-2.0",
      "dependencies": {
        "clsx": "^2.1.1"
      },
      "devDependencies": {
        "@swc/cli": "0.3.12",
        "@swc/core": "1.4.16",
        "@types/node": "20.12.7",
        "@types/react": "18.2.79",
        "@types/react-dom": "18.2.25",
        "bundlesize": "0.18.2",
        "npm-run-all": "4.1.5",
        "react": "18.2.0",
        "react-dom": "18.2.0",
        "ts-node": "10.9.2",
        "typescript": "5.4.5"
      },
      "funding": {
        "url": "https://polar.sh/cva"
      }
    },
    "../node_modules/.pnpm/clsx@2.1.1/node_modules/clsx": {
      "version": "2.1.1",
      "license": "MIT",
      "devDependencies": {
        "esm": "3.2.25",
        "terser": "4.8.0",
        "uvu": "0.5.4"
      },
      "engines": {
        "node": ">=6"
      }
    },
    "../node_modules/.pnpm/date-fns@4.4.0/node_modules/date-fns": {
      "version": "4.4.0",
      "license": "MIT",
      "funding": {
        "type": "github",
        "url": "https://github.com/sponsors/kossnocorp"
      }
    },
    "../node_modules/.pnpm/lucide-vue-next@0.469.0_vue@3.5.39_typescript@5.9.3_/node_modules/lucide-vue-next": {
      "version": "0.469.0",
      "license": "ISC",
      "devDependencies": {
        "@lucide/build-icons": "1.1.0",
        "@lucide/rollup-plugins": "1.0.0",
        "@lucide/shared": "1.0.0",
        "@testing-library/jest-dom": "^6.1.6",
        "@testing-library/vue": "^8.0.3",
        "@vitejs/plugin-vue": "^4.6.2",
        "@vue/test-utils": "2.4.5",
        "rollup": "^4.22.4",
        "rollup-plugin-dts": "^6.1.0",
        "vite": "5.1.8",
        "vitest": "^1.4.0",
        "vue": "^3.4.21"
      },
      "peerDependencies": {
        "vue": ">=3.0.1"
      }
    },
    "../node_modules/.pnpm/nuxt@3.21.8_@parcel+watcher@2.5.6_@types+node@20.19.43_@vue+compiler-sfc@3.5.39_better-_5216cbd6cca222490b415b196198682c/node_modules/nuxt": {
      "version": "3.21.8",
      "dev": true,
      "license": "MIT",
      "dependencies": {
        "@dxup/nuxt": "^0.4.1",
        "@nuxt/cli": "^3.35.2",
        "@nuxt/devtools": "^3.2.4",
        "@nuxt/kit": "3.21.8",
        "@nuxt/nitro-server": "3.21.8",
        "@nuxt/schema": "3.21.8",
        "@nuxt/telemetry": "^2.8.0",
        "@nuxt/vite-builder": "3.21.8",
        "@unhead/vue": "^2.1.15",
        "@vue/shared": "^3.5.34",
        "c12": "^3.3.4",
        "chokidar": "^5.0.0",
        "compatx": "^0.2.0",
        "consola": "^3.4.2",
        "cookie-es": "^2.0.1",
        "defu": "^6.1.7",
        "destr": "^2.0.5",
        "devalue": "^5.8.1",
        "errx": "^0.1.0",
        "escape-string-regexp": "^5.0.0",
        "exsolve": "^1.0.8",
        "h3": "^1.15.11",
        "hookable": "^5.5.3",
        "ignore": "^7.0.5",
        "impound": "^1.1.5",
        "jiti": "^2.7.0",
        "klona": "^2.0.6",
        "knitwork": "^1.3.0",
        "magic-string": "^0.30.21",
        "mlly": "^1.8.2",
        "nanotar": "^0.3.0",
        "nypm": "^0.6.6",
        "ofetch": "^1.5.1",
        "ohash": "^2.0.11",
        "on-change": "^6.0.2",
        "oxc-minify": "^0.132.0",
        "oxc-parser": "^0.132.0",
        "oxc-transform": "^0.132.0",
        "oxc-walker": "^1.0.0",
        "pathe": "^2.0.3",
        "perfect-debounce": "^2.1.0",
        "pkg-types": "^2.3.1",
        "rou3": "^0.8.1",
        "scule": "^1.3.0",
        "semver": "^7.8.0",
        "std-env": "^4.1.0",
        "tinyglobby": "^0.2.16",
        "ufo": "^1.6.4",
        "ultrahtml": "^1.6.0",
        "uncrypto": "^0.1.3",
        "unctx": "^2.5.0",
        "unimport": "^6.3.0",
        "unplugin": "^3.0.0",
        "unplugin-vue-router": "^0.19.2",
        "untyped": "^2.0.0",
        "vue": "^3.5.34",
        "vue-router": "^4.6.4"
      },
      "bin": {
        "nuxi": "bin/nuxt.mjs",
        "nuxt": "bin/nuxt.mjs"
      },
      "devDependencies": {
        "@nuxt/scripts": "1.2.1",
        "@parcel/watcher": "2.5.6",
        "@types/estree": "1.0.9",
        "@vitejs/plugin-vue": "6.0.7",
        "@vitejs/plugin-vue-jsx": "5.1.5",
        "@vue/compiler-sfc": "3.5.34",
        "unbuild": "3.6.1",
        "vite": "7.3.3",
        "vitest": "4.1.6",
        "vue-bundle-renderer": "2.2.0",
        "vue-sfc-transformer": "0.1.17"
      },
      "engines": {
        "node": "^20.19.0 || >=22.12.0"
      },
      "peerDependencies": {
        "@parcel/watcher": "^2.1.0",
        "@types/node": "^18.0.0 || ^20.0.0 || >=22.0.0"
      },
      "peerDependenciesMeta": {
        "@parcel/watcher": {
          "optional": true
        },
        "@types/node": {
          "optional": true
        }
      }
    },
    "../node_modules/.pnpm/pinia@2.3.1_typescript@5.9.3_vue@3.5.39_typescript@5.9.3_/node_modules/pinia": {
      "version": "2.3.1",
      "license": "MIT",
      "dependencies": {
        "@vue/devtools-api": "^6.6.3",
        "vue-demi": "^0.14.10"
      },
      "devDependencies": {
        "@microsoft/api-extractor": "7.48.0",
        "@vue/test-utils": "^2.4.6"
      },
      "funding": {
        "url": "https://github.com/sponsors/posva"
      },
      "peerDependencies": {
        "typescript": ">=4.4.4",
        "vue": "^2.7.0 || ^3.5.11"
      },
      "peerDependenciesMeta": {
        "typescript": {
          "optional": true
        }
      }
    },
    "../node_modules/.pnpm/reka-ui@2.10.1_vue@3.5.39_typescript@5.9.3_/node_modules/reka-ui": {
      "version": "2.10.1",
      "license": "MIT",
      "dependencies": {
        "@floating-ui/dom": "^1.6.13",
        "@floating-ui/vue": "^1.1.6",
        "@internationalized/date": "^3.5.0",
        "@internationalized/number": "^3.5.0",
        "@tanstack/vue-virtual": "^3.12.0",
        "@vueuse/core": "^14.1.0",
        "@vueuse/shared": "^14.1.0",
        "aria-hidden": "^1.2.4",
        "defu": "^6.1.5",
        "ohash": "^2.0.11"
      },
      "devDependencies": {
        "@iconify/vue": "^4.3.0",
        "@internationalized/date": "^3.7.0",
        "@internationalized/number": "^3.6.0",
        "@size-limit/esbuild": "^12.0.1",
        "@size-limit/file": "^12.0.1",
        "@testing-library/dom": "^10.4.1",
        "@testing-library/jest-dom": "^6.9.1",
        "@testing-library/user-event": "^14.6.1",
        "@testing-library/vue": "^8.1.0",
        "@tsconfig/node24": "^24.0.0",
        "@types/jsdom": "^28.0.0",
        "@types/node": "^24.0.13",
        "@vitejs/plugin-vue": "^6.0.7",
        "@vitest/coverage-istanbul": "^3.2.6",
        "@vue/server-renderer": "^3.5.17",
        "@vue/test-utils": "^2.4.11",
        "@vue/tsconfig": "^0.7.0",
        "jsdom": "^26.1.0",
        "size-limit": "^12.0.1",
        "tsdown": "^0.12.9",
        "vite": "^8.0.16",
        "vitest": "^4.1.8",
        "vitest-axe": "0.1.0",
        "vitest-canvas-mock": "^0.3.3",
        "vue": "3.5.17",
        "vue-component-type-helpers": "^3.0.3",
        "vue-tsc": "3.2.6"
      },
      "funding": {
        "type": "github",
        "url": "https://github.com/sponsors/zernonia"
      },
      "peerDependencies": {
        "vue": ">= 3.4.0"
      }
    },
    "../node_modules/.pnpm/shadcn-nuxt@2.7.4_@emnapi+core@1.10.0_@emnapi+runtime@1.10.0_magicast@0.5.3/node_modules/shadcn-nuxt": {
      "version": "2.7.4",
      "dev": true,
      "license": "MIT",
      "dependencies": {
        "@nuxt/kit": "^3.17.4",
        "oxc-parser": "^0.102.0"
      },
      "devDependencies": {
        "@nuxt/eslint-config": "^1.4.1",
        "@nuxt/module-builder": "^1.0.2",
        "@nuxt/schema": "^3.17.4",
        "@nuxt/test-utils": "^3.19.1",
        "@nuxtjs/color-mode": "^3.5.2",
        "@nuxtjs/tailwindcss": "^6.14.0",
        "@types/node": "^24",
        "nuxt": "^3.17.4",
        "typescript": "^5.9.3"
      }
    },
    "../node_modules/.pnpm/tailwind-merge@3.6.0/node_modules/tailwind-merge": {
      "version": "3.6.0",
      "license": "MIT",
      "devDependencies": {
        "@babel/core": "^7.29.0",
        "@babel/preset-env": "^7.29.3",
        "@codspeed/vitest-plugin": "^5.4.0",
        "@rollup/plugin-babel": "^7.0.0",
        "@rollup/plugin-node-resolve": "^16.0.3",
        "@rollup/plugin-typescript": "^12.3.0",
        "@types/node": "^24.12.2",
        "@vitest/coverage-v8": "^4.1.5",
        "@vitest/eslint-plugin": "^1.6.16",
        "babel-plugin-annotate-pure-calls": "^0.5.0",
        "babel-plugin-polyfill-regenerator": "^0.6.8",
        "eslint": "^9.39.4",
        "eslint-plugin-import": "^2.32.0",
        "globby": "^16.2.0",
        "prettier": "^3.8.3",
        "rollup": "^4.60.2",
        "rollup-plugin-delete": "^3.0.2",
        "rollup-plugin-dts": "^6.4.1",
        "tslib": "^2.8.1",
        "typescript": "^5.9.3",
        "typescript-eslint": "^8.59.1",
        "vitest": "^4.1.5",
        "zx": "^8.8.5"
      },
      "funding": {
        "type": "github",
        "url": "https://github.com/sponsors/dcastil"
      }
    },
    "../node_modules/.pnpm/tailwindcss@4.3.2/node_modules/tailwindcss": {
      "version": "4.3.2",
      "dev": true,
      "license": "MIT",
      "devDependencies": {
        "@jridgewell/remapping": "^2.3.5",
        "@tailwindcss/oxide": "^4.3.2",
        "@types/node": "22.19.19",
        "dedent": "1.7.2",
        "lightningcss": "1.32.0",
        "magic-string": "^0.30.21",
        "source-map-js": "^1.2.1"
      }
    },
    "../node_modules/.pnpm/typescript@5.9.3/node_modules/typescript": {
      "version": "5.9.3",
      "dev": true,
      "license": "Apache-2.0",
      "bin": {
        "tsc": "bin/tsc",
        "tsserver": "bin/tsserver"
      },
      "devDependencies": {
        "@dprint/formatter": "^0.4.1",
        "@dprint/typescript": "0.93.4",
        "@esfx/canceltoken": "^1.0.0",
        "@eslint/js": "^9.20.0",
        "@octokit/rest": "^21.1.1",
        "@types/chai": "^4.3.20",
        "@types/diff": "^7.0.1",
        "@types/minimist": "^1.2.5",
        "@types/mocha": "^10.0.10",
        "@types/ms": "^0.7.34",
        "@types/node": "latest",
        "@types/source-map-support": "^0.5.10",
        "@types/which": "^3.0.4",
        "@typescript-eslint/rule-tester": "^8.24.1",
        "@typescript-eslint/type-utils": "^8.24.1",
        "@typescript-eslint/utils": "^8.24.1",
        "azure-devops-node-api": "^14.1.0",
        "c8": "^10.1.3",
        "chai": "^4.5.0",
        "chokidar": "^4.0.3",
        "diff": "^7.0.0",
        "dprint": "^0.49.0",
        "esbuild": "^0.25.0",
        "eslint": "^9.20.1",
        "eslint-formatter-autolinkable-stylish": "^1.4.0",
        "eslint-plugin-regexp": "^2.7.0",
        "fast-xml-parser": "^4.5.2",
        "glob": "^10.4.5",
        "globals": "^15.15.0",
        "hereby": "^1.10.0",
        "jsonc-parser": "^3.3.1",
        "knip": "^5.44.4",
        "minimist": "^1.2.8",
        "mocha": "^10.8.2",
        "mocha-fivemat-progress-reporter": "^0.1.0",
        "monocart-coverage-reports": "^2.12.1",
        "ms": "^2.1.3",
        "picocolors": "^1.1.1",
        "playwright": "^1.50.1",
        "source-map-support": "^0.5.21",
        "tslib": "^2.8.1",
        "typescript": "^5.7.3",
        "typescript-eslint": "^8.24.1",
        "which": "^3.0.1"
      },
      "engines": {
        "node": ">=14.17"
      }
    },
    "../node_modules/.pnpm/vue-router@4.6.4_vue@3.5.39_typescript@5.9.3_/node_modules/vue-router": {
      "version": "4.6.4",
      "dev": true,
      "license": "MIT",
      "dependencies": {
        "@vue/devtools-api": "^6.6.4"
      },
      "devDependencies": {
        "@rollup/plugin-commonjs": "^28.0.7",
        "@rollup/plugin-node-resolve": "^16.0.3",
        "@rollup/plugin-replace": "^6.0.2",
        "@rollup/plugin-terser": "^0.4.4",
        "@types/jsdom": "^21.1.7",
        "@types/nightwatch": "^2.3.32",
        "@typescript/native-preview": "7.0.0-dev.20251013.1",
        "@vitejs/plugin-vue": "^6.0.1",
        "@vue/compiler-sfc": "~3.5.22",
        "@vue/server-renderer": "~3.5.22",
        "@vue/test-utils": "^2.4.6",
        "browserstack-local": "^1.5.8",
        "chromedriver": "^138.0.5",
        "connect-history-api-fallback": "^1.6.0",
        "dotenv": "^17.2.3",
        "faked-promise": "^2.2.2",
        "geckodriver": "^6.0.2",
        "happy-dom": "^20.0.0",
        "nightwatch": "^3.12.2",
        "nightwatch-helpers": "^1.2.0",
        "rimraf": "^6.0.1",
        "rollup": "^4.52.4",
        "rollup-plugin-typescript2": "^0.36.0",
        "tsdown": "^0.17.2",
        "tsup": "^8.5.0",
        "vite": "^7.1.10",
        "vue": "~3.6.0-alpha.2"
      },
      "funding": {
        "url": "https://github.com/sponsors/posva"
      },
      "peerDependencies": {
        "vue": "^3.5.0"
      }
    },
    "../node_modules/.pnpm/vue-tsc@2.2.12_typescript@5.9.3/node_modules/vue-tsc": {
      "version": "2.2.12",
      "dev": true,
      "license": "MIT",
      "dependencies": {
        "@volar/typescript": "2.4.15",
        "@vue/language-core": "2.2.12"
      },
      "bin": {
        "vue-tsc": "bin/vue-tsc.js"
      },
      "devDependencies": {
        "@types/node": "^22.10.4"
      },
      "peerDependencies": {
        "typescript": ">=5.0.0"
      }
    },
    "../node_modules/.pnpm/vue@3.5.39_typescript@5.9.3/node_modules/vue": {
      "version": "3.5.39",
      "dev": true,
      "license": "MIT",
      "dependencies": {
        "@vue/compiler-dom": "3.5.39",
        "@vue/compiler-sfc": "3.5.39",
        "@vue/runtime-dom": "3.5.39",
        "@vue/server-renderer": "3.5.39",
        "@vue/shared": "3.5.39"
      },
      "peerDependencies": {
        "typescript": "*"
      },
      "peerDependenciesMeta": {
        "typescript": {
          "optional": true
        }
      }
    },
    "../node_modules/.pnpm/zod@3.25.76/node_modules/zod": {
      "version": "3.25.76",
      "license": "MIT",
      "funding": {
        "url": "https://github.com/sponsors/colinhacks"
      }
    },
    "node_modules/@nuxtjs/google-fonts": {
      "resolved": "../node_modules/.pnpm/@nuxtjs+google-fonts@3.2.0_magicast@0.5.3/node_modules/@nuxtjs/google-fonts",
      "link": true
    },
    "node_modules/@pinia/nuxt": {
      "resolved": "../node_modules/.pnpm/@pinia+nuxt@0.9.0_magicast@0.5.3_pinia@2.3.1_typescript@5.9.3_vue@3.5.39_typescript@5.9.3__/node_modules/@pinia/nuxt",
      "link": true
    },
    "node_modules/@tailwindcss/vite": {
      "resolved": "../node_modules/.pnpm/@tailwindcss+vite@4.3.2_vite@7.3.6_@types+node@20.19.43_jiti@2.7.0_lightningcss@1.32.0__0293f9c75059437592a69bee7f616c86/node_modules/@tailwindcss/vite",
      "link": true
    },
    "node_modules/@vueuse/core": {
      "resolved": "../node_modules/.pnpm/@vueuse+core@12.8.2_typescript@5.9.3/node_modules/@vueuse/core",
      "link": true
    },
    "node_modules/class-variance-authority": {
      "resolved": "../node_modules/.pnpm/class-variance-authority@0.7.1/node_modules/class-variance-authority",
      "link": true
    },
    "node_modules/clsx": {
      "resolved": "../node_modules/.pnpm/clsx@2.1.1/node_modules/clsx",
      "link": true
    },
    "node_modules/date-fns": {
      "resolved": "../node_modules/.pnpm/date-fns@4.4.0/node_modules/date-fns",
      "link": true
    },
    "node_modules/lucide-vue-next": {
      "resolved": "../node_modules/.pnpm/lucide-vue-next@0.469.0_vue@3.5.39_typescript@5.9.3_/node_modules/lucide-vue-next",
      "link": true
    },
    "node_modules/nuxt": {
      "resolved": "../node_modules/.pnpm/nuxt@3.21.8_@parcel+watcher@2.5.6_@types+node@20.19.43_@vue+compiler-sfc@3.5.39_better-_5216cbd6cca222490b415b196198682c/node_modules/nuxt",
      "link": true
    },
    "node_modules/pinia": {
      "resolved": "../node_modules/.pnpm/pinia@2.3.1_typescript@5.9.3_vue@3.5.39_typescript@5.9.3_/node_modules/pinia",
      "link": true
    },
    "node_modules/pinia-plugin-persistedstate": {
      "version": "3.2.3",
      "resolved": "https://registry.npmjs.org/pinia-plugin-persistedstate/-/pinia-plugin-persistedstate-3.2.3.tgz",
      "integrity": "sha512-Cm819WBj/s5K5DGw55EwbXDtx+EZzM0YR5AZbq9XE3u0xvXwvX2JnWoFpWIcdzISBHqy9H1UiSIUmXyXqWsQRQ==",
      "license": "MIT",
      "peerDependencies": {
        "pinia": "^2.0.0"
      }
    },
    "node_modules/reka-ui": {
      "resolved": "../node_modules/.pnpm/reka-ui@2.10.1_vue@3.5.39_typescript@5.9.3_/node_modules/reka-ui",
      "link": true
    },
    "node_modules/shadcn-nuxt": {
      "resolved": "../node_modules/.pnpm/shadcn-nuxt@2.7.4_@emnapi+core@1.10.0_@emnapi+runtime@1.10.0_magicast@0.5.3/node_modules/shadcn-nuxt",
      "link": true
    },
    "node_modules/tailwind-merge": {
      "resolved": "../node_modules/.pnpm/tailwind-merge@3.6.0/node_modules/tailwind-merge",
      "link": true
    },
    "node_modules/tailwindcss": {
      "resolved": "../node_modules/.pnpm/tailwindcss@4.3.2/node_modules/tailwindcss",
      "link": true
    },
    "node_modules/typescript": {
      "resolved": "../node_modules/.pnpm/typescript@5.9.3/node_modules/typescript",
      "link": true
    },
    "node_modules/vue": {
      "resolved": "../node_modules/.pnpm/vue@3.5.39_typescript@5.9.3/node_modules/vue",
      "link": true
    },
    "node_modules/vue-router": {
      "resolved": "../node_modules/.pnpm/vue-router@4.6.4_vue@3.5.39_typescript@5.9.3_/node_modules/vue-router",
      "link": true
    },
    "node_modules/vue-tsc": {
      "resolved": "../node_modules/.pnpm/vue-tsc@2.2.12_typescript@5.9.3/node_modules/vue-tsc",
      "link": true
    },
    "node_modules/zod": {
      "resolved": "../node_modules/.pnpm/zod@3.25.76/node_modules/zod",
      "link": true
    }
  }
}
